// !$*UTF8*$!
{
	archiveVersion = 1;
	classes = {
	};
	objectVersion = 48;
	objects = {

/* Begin PBXBuildFile section */
		8373E3EB1FF26382001AA90E /* AppDelegate.swift in Sources */ = {isa = PBXBuildFile; fileRef = 8373E3EA1FF26382001AA90E /* AppDelegate.swift */; };
		8373E3ED1FF26382001AA90E /* ViewController.swift in Sources */ = {isa = PBXBuildFile; fileRef = 8373E3EC1FF26382001AA90E /* ViewController.swift */; };
		8373E3F01FF26382001AA90E /* Main.storyboard in Resources */ = {isa = PBXBuildFile; fileRef = 8373E3EE1FF26382001AA90E /* Main.storyboard */; };
		8373E3F21FF26382001AA90E /* Assets.xcassets in Resources */ = {isa = PBXBuildFile; fileRef = 8373E3F11FF26382001AA90E /* Assets.xcassets */; };
		8373E3F51FF26382001AA90E /* LaunchScreen.storyboard in Resources */ = {isa = PBXBuildFile; fileRef = 8373E3F31FF26382001AA90E /* LaunchScreen.storyboard */; };
		8373E3FE1FF263BF001AA90E /* NotificationHandler.swift in Sources */ = {isa = PBXBuildFile; fileRef = 8373E3FD1FF263BF001AA90E /* NotificationHandler.swift */; };
/* End PBXBuildFile section */

/* Begin PBXFileReference section */
		8373E3E71FF26382001AA90E /* UserNotification - Catagory.app */ = {isa = PBXFileReference; explicitFileType = wrapper.application; includeInIndex = 0; path = "UserNotification - Catagory.app"; sourceTree = BUILT_PRODUCTS_DIR; };
		8373E3EA1FF26382001AA90E /* AppDelegate.swift */ = {isa = PBXFileReference; lastKnownFileType = sourcecode.swift; path = AppDelegate.swift; sourceTree = "<group>"; };
		8373E3EC1FF26382001AA90E /* ViewController.swift */ = {isa = PBXFileReference; lastKnownFileType = sourcecode.swift; path = ViewController.swift; sourceTree = "<group>"; };
		8373E3EF1FF26382001AA90E /* Base */ = {isa = PBXFileReference; lastKnownFileType = file.storyboard; name = Base; path = Base.lproj/Main.storyboard; sourceTree = "<group>"; };
		8373E3F11FF26382001AA90E /* Assets.xcassets */ = {isa = PBXFileReference; lastKnownFileType = folder.assetcatalog; path = Assets.xcassets; sourceTree = "<group>"; };
		8373E3F41FF26382001AA90E /* Base */ = {isa = PBXFileReference; lastKnownFileType = file.storyboard; name = Base; path = Base.lproj/LaunchScreen.storyboard; sourceTree = "<group>"; };
		8373E3F61FF26382001AA90E /* Info.plist */ = {isa = PBXFileReference; lastKnownFileType = text.plist.xml; path = Info.plist; sourceTree = "<group>"; };
		8373E3FD1FF263BF001AA90E /* NotificationHandler.swift */ = {isa = PBXFileReference; lastKnownFileType = sourcecode.swift; path = NotificationHandler.swift; sourceTree = "<group>"; };
/* End PBXFileReference section */

/* Begin PBXFrameworksBuildPhase section */
		8373E3E41FF26382001AA90E /* Frameworks */ = {
			isa = PBXFrameworksBuildPhase;
			buildActionMask = 2147483647;
			files = (
			);
			runOnlyForDeploymentPostprocessing = 0;
		};
/* End PBXFrameworksBuildPhase section */

/* Begin PBXGroup section */
		8373E3DE1FF26382001AA90E = {
			isa = PBXGroup;
			children = (
				8373E3E91FF26382001AA90E /* UserNotification - Catagory */,
				8373E3E81FF26382001AA90E /* Products */,
			);
			sourceTree = "<group>";
		};
		8373E3E81FF26382001AA90E /* Products */ = {
			isa = PBXGroup;
			children = (
				8373E3E71FF26382001AA90E /* UserNotification - Catagory.app */,
			);
			name = Products;
			sourceTree = "<group>";
		};
		8373E3E91FF26382001AA90E /* UserNotification - Catagory */ = {
			isa = PBXGroup;
			children = (
				8373E3EA1FF26382001AA90E /* AppDelegate.swift */,
				8373E3EC1FF26382001AA90E /* ViewController.swift */,
				8373E3EE1FF26382001AA90E /* Main.storyboard */,
				8373E3FD1FF263BF001AA90E /* NotificationHandler.swift */,
				8373E3FC1FF26391001AA90E /* Supporting Files */,
			);
			path = "UserNotification - Catagory";
			sourceTree = "<group>";
		};
		8373E3FC1FF26391001AA90E /* Supporting Files */ = {
			isa = PBXGroup;
			children = (
				8373E3F11FF26382001AA90E /* Assets.xcassets */,
				8373E3F31FF26382001AA90E /* LaunchScreen.storyboard */,
				8373E3F61FF26382001AA90E /* Info.plist */,
			);
			name = "Supporting Files";
			sourceTree = "<group>";
		};
/* End PBXGroup section */

/* Begin PBXNativeTarget section */
		8373E3E61FF26382001AA90E /* UserNotification - Catagory */ = {
			isa = PBXNativeTarget;
			buildConfigurationList = 8373E3F91FF26382001AA90E /* Build configuration list for PBXNativeTarget "UserNotification - Catagory" */;
			buildPhases = (
				8373E3E31FF26382001AA90E /* Sources */,
				8373E3E41FF26382001AA90E /* Frameworks */,
				8373E3E51FF26382001AA90E /* Resources */,
			);
			buildRules = (
			);
			dependencies = (
			);
			name = "UserNotification - Catagory";
			productName = "UserNotification - Catagory";
			productReference = 8373E3E71FF26382001AA90E /* UserNotification - Catagory.app */;
			productType = "com.apple.product-type.application";
		};
/* End PBXNativeTarget section */

/* Begin PBXProject section */
		8373E3DF1FF26382001AA90E /* Project object */ = {
			isa = PBXProject;
			attributes = {
				LastSwiftUpdateCheck = 0920;
				LastUpgradeCheck = 0920;
				ORGANIZATIONNAME = "蔡松樺";
				TargetAttributes = {
					8373E3E61FF26382001AA90E = {
						CreatedOnToolsVersion = 9.2;
						ProvisioningStyle = Automatic;
					};
				};
			};
			buildConfigurationList = 8373E3E21FF26382001AA90E /* Build configuration list for PBXProject "UserNotification - Catagory" */;
			compatibilityVersion = "Xcode 8.0";
			developmentRegion = en;
			hasScannedForEncodings = 0;
			knownRegions = (
				en,
				Base,
			);
			mainGroup = 8373E3DE1FF26382001AA90E;
			productRefGroup = 8373E3E81FF26382001AA90E /* Products */;
			projectDirPath = "";
			projectRoot = "";
			targets = (
				8373E3E61FF26382001AA90E /* UserNotification - Catagory */,
			);
		};
/* End PBXProject section */

/* Begin PBXResourcesBuildPhase section */
		8373E3E51FF26382001AA90E /* Resources */ = {
			isa = PBXResourcesBuildPhase;
			buildActionMask = 2147483647;
			files = (
				8373E3F51FF26382001AA90E /* LaunchScreen.storyboard in Resources */,
				8373E3F21FF26382001AA90E /* Assets.xcassets in Resources */,
				8373E3F01FF26382001AA90E /* Main.storyboard in Resources */,
			);
			runOnlyForDeploymentPostprocessing = 0;
		};
/* End PBXResourcesBuildPhase section */

/* Begin PBXSourcesBuildPhase section */
		8373E3E31FF26382001AA90E /* Sources */ = {
			isa = PBXSourcesBuildPhase;
			buildActionMask = 2147483647;
			files = (
				8373E3ED1FF26382001AA90E /* ViewController.swift in Sources */,
				8373E3FE1FF263BF001AA90E /* NotificationHandler.swift in Sources */,
				8373E3EB1FF26382001AA90E /* AppDelegate.swift in Sources */,
			);
			runOnlyForDeploymentPostprocessing = 0;
		};
/* End PBXSourcesBuildPhase section */

/* Begin PBXVariantGroup section */
		8373E3EE1FF26382001AA90E /* Main.storyboard */ = {
			isa = PBXVariantGroup;
			children = (
				8373E3EF1FF26382001AA90E /* Base */,
			);
			name = Main.storyboard;
			sourceTree = "<group>";
		};
		8373E3F31FF26382001AA90E /* LaunchScreen.storyboard */ = {
			isa = PBXVariantGroup;
			children = (
				8373E3F41FF26382001AA90E /* Base */,
			);
			name = LaunchScreen.storyboard;
			sourceTree = "<group>";
		};
/* End PBXVariantGroup section */

/* Begin XCBuildConfiguration section */
		8373E3F71FF26382001AA90E /* Debug */ = {
			isa = XCBuildConfiguration;
			buildSettings = {
				ALWAYS_SEARCH_USER_PATHS = NO;
				CLANG_ANALYZER_NONNULL = YES;
				CLANG_ANALYZER_NUMBER_OBJECT_CONVERSION = YES_AGGRESSIVE;
				CLANG_CXX_LANGUAGE_STANDARD = "gnu++14";
				CLANG_CXX_LIBRARY = "libc++";
				CLANG_ENABLE_MODULES = YES;
				CLANG_ENABLE_OBJC_ARC = YES;
				CLANG_WARN_BLOCK_CAPTURE_AUTORELEASING = YES;
				CLANG_WARN_BOOL_CONVERSION = YES;
				CLANG_WARN_COMMA = YES;
				CLANG_WARN_CONSTANT_CONVERSION = YES;
				CLANG_WARN_DIRECT_OBJC_ISA_USAGE = YES_ERROR;
				CLANG_WARN_DOCUMENTATION_COMMENTS = YES;
				CLANG_WARN_EMPTY_BODY = YES;
				CLANG_WARN_ENUM_CONVERSION = YES;
				CLANG_WARN_INFINITE_RECURSION = YES;
				CLANG_WARN_INT_CONVERSION = YES;
				CLANG_WARN_NON_LITERAL_NULL_CONVERSION = YES;
				CLANG_WARN_OBJC_LITERAL_CONVERSION = YES;
				CLANG_WARN_OBJC_ROOT_CLASS = YES_ERROR;
				CLANG_WARN_RANGE_LOOP_ANALYSIS = YES;
				CLANG_WARN_STRICT_PROTOTYPES = YES;
				CLANG_WARN_SUSPICIOUS_MOVE = YES;
				CLANG_WARN_UNGUARDED_AVAILABILITY = YES_AGGRESSIVE;
				CLANG_WARN_UNREACHABLE_CODE = YES;
				CLANG_WARN__DUPLICATE_METHOD_MATCH = YES;
				CODE_SIGN_IDENTITY = "iPhone Developer";
				COPY_PHASE_STRIP = NO;
				DEBUG_INFORMATION_FORMAT = dwarf;
				ENABLE_STRICT_OBJC_MSGSEND = YES;
				ENABLE_TESTABILITY = YES;
				GCC_C_LANGUAGE_STANDARD = gnu11;
				GCC_DYNAMIC_NO_PIC = NO;
				GCC_NO_COMMON_BLOCKS = YES;
				GCC_OPTIMIZATION_LEVEL = 0;
				GCC_PREPROCESSOR_DEFINITIONS = (
					"DEBUG=1",
					"$(inherited)",
				);
				GCC_WARN_64_TO_32_BIT_CONVERSION = YES;
				GCC_WARN_ABOUT_RETURN_TYPE = YES_ERROR;
				GCC_WARN_UNDECLARED_SELECTOR = YES;
				GCC_WARN_UNINITIALIZED_AUTOS = YES_AGGRESSIVE;
				GCC_WARN_UNUSED_FUNCTION = YES;
				GCC_WARN_UNUSED_VARIABLE = YES;
				IPHONEOS_DEPLOYMENT_TARGET = 11.2;
				MTL_ENABLE_DEBUG_INFO = YES;
				ONLY_ACTIVE_ARCH = YES;
				SDKROOT = iphoneos;
				SWIFT_ACTIVE_COMPILATION_CONDITIONS = DEBUG;
				SWIFT_OPTIMIZATION_LEVEL = "-Onone";
			};
			name = Debug;
		};
		8373E3F81FF26382001AA90E /* Release */ = {
			isa = XCBuildConfiguration;
			buildSettings = {
				ALWAYS_SEARCH_USER_PATHS = NO;
				CLANG_ANALYZER_NONNULL = YES;
				CLANG_ANALYZER_NUMBER_OBJECT_CONVERSION = YES_AGGRESSIVE;
				CLANG_CXX_LANGUAGE_STANDARD = "gnu++14";
				CLANG_CXX_LIBRARY = "libc++";
				CLANG_ENABLE_MODULES = YES;
				CLANG_ENABLE_OBJC_ARC = YES;
				CLANG_WARN_BLOCK_CAPTURE_AUTORELEASING = YES;
				CLANG_WARN_BOOL_CONVERSION = YES;
				CLANG_WARN_COMMA = YES;
				CLANG_WARN_CONSTANT_CONVERSION = YES;
				CLANG_WARN_DIRECT_OBJC_ISA_USAGE = YES_ERROR;
				CLANG_WARN_DOCUMENTATION_COMMENTS = YES;
				CLANG_WARN_EMPTY_BODY = YES;
				CLANG_WARN_ENUM_CONVERSION = YES;
				CLANG_WARN_INFINITE_RECURSION = YES;
				CLANG_WARN_INT_CONVERSION = YES;
				CLANG_WARN_NON_LITERAL_NULL_CONVERSION = YES;
				CLANG_WARN_OBJC_LITERAL_CONVERSION = YES;
				CLANG_WARN_OBJC_ROOT_CLASS = YES_ERROR;
				CLANG_WARN_RANGE_LOOP_ANALYSIS = YES;
				CLANG_WARN_STRICT_PROTOTYPES = YES;
				CLANG_WARN_SUSPICIOUS_MOVE = YES;
				CLANG_WARN_UNGUARDED_AVAILABILITY = YES_AGGRESSIVE;
				CLANG_WARN_UNREACHABLE_CODE = YES;
				CLANG_WARN__DUPLICATE_METHOD_MATCH = YES;
				CODE_SIGN_IDENTITY = "iPhone Developer";
				COPY_PHASE_STRIP = NO;
				DEBUG_INFORMATION_FORMAT = "dwarf-with-dsym";
				ENABLE_NS_ASSERTIONS = NO;
				ENABLE_STRICT_OBJC_MSGSEND = YES;
				GCC_C_LANGUAGE_STANDARD = gnu11;
				GCC_NO_COMMON_BLOCKS = YES;
				GCC_WARN_64_TO_32_BIT_CONVERSION = YES;
				GCC_WARN_ABOUT_RETURN_TYPE = YES_ERROR;
				GCC_WARN_UNDECLARED_SELECTOR = YES;
				GCC_WARN_UNINITIALIZED_AUTOS = YES_AGGRESSIVE;
				GCC_WARN_UNUSED_FUNCTION = YES;
				GCC_WARN_UNUSED_VARIABLE = YES;
				IPHONEOS_DEPLOYMENT_TARGET = 11.2;
				MTL_ENABLE_DEBUG_INFO = NO;
				SDKROOT = iphoneos;
				SWIFT_OPTIMIZATION_LEVEL = "-Owholemodule";
				VALIDATE_PRODUCT = YES;
			};
			name = Release;
		};
		8373E3FA1FF26382001AA90E /* Debug */ = {
			isa = XCBuildConfiguration;
			buildSettings = {
				ASSETCATALOG_COMPILER_APPICON_NAME = AppIcon;
				CODE_SIGN_STYLE = Automatic;
				DEVELOPMENT_TEAM = WBP36FYXZL;
				INFOPLIST_FILE = "UserNotification - Catagory/Info.plist";
				LD_RUNPATH_SEARCH_PATHS = "$(inherited) @executable_path/Frameworks";
				PRODUCT_BUNDLE_IDENTIFIER = "Personal.Russell.UserNotification---Catagory";
				PRODUCT_NAME = "$(TARGET_NAME)";
				SWIFT_VERSION = 4.0;
				TARGETED_DEVICE_FAMILY = "1,2";
			};
			name = Debug;
		};
		8373E3FB1FF26382001AA90E /* Release */ = {
			isa = XCBuildConfiguration;
			buildSettings = {
				ASSETCATALOG_COMPILER_APPICON_NAME = AppIcon;
				CODE_SIGN_STYLE = Automatic;
				DEVELOPMENT_TEAM = WBP36FYXZL;
				INFOPLIST_FILE = "UserNotification - Catagory/Info.plist";
				LD_RUNPATH_SEARCH_PATHS = "$(inherited) @executable_path/Frameworks";
				PRODUCT_BUNDLE_IDENTIFIER = "Personal.Russell.UserNotification---Catagory";
				PRODUCT_NAME = "$(TARGET_NAME)";
				SWIFT_VERSION = 4.0;
				TARGETED_DEVICE_FAMILY = "1,2";
			};
			name = Release;
		};
/* End XCBuildConfiguration section */

/* Begin XCConfigurationList section */
		8373E3E21FF26382001AA90E /* Build configuration list for PBXProject "UserNotification - Catagory" */ = {
			isa = XCConfigurationList;
			buildConfigurations = (
				8373E3F71FF26382001AA90E /* Debug */,
				8373E3F81FF26382001AA90E /* Release */,
			);
			defaultConfigurationIsVisible = 0;
			defaultConfigurationName = Release;
		};
		8373E3F91FF26382001AA90E /* Build configuration list for PBXNativeTarget "UserNotification - Catagory" */ = {
			isa = XCConfigurationList;
			buildConfigurations = (
				8373E3FA1FF26382001AA90E /* Debug */,
				8373E3FB1FF26382001AA90E /* Release */,
			);
			defaultConfigurationIsVisible = 0;
			defaultConfigurationName = Release;
		};
/* End XCConfigurationList section */
	};
	rootObject = 8373E3DF1FF26382001AA90E /* Project object */;
}
